// !$*UTF8*$!
{
	archiveVersion = 1;
	classes = {
	};
	objectVersion = 46;
	objects = {

/* Begin PBXBuildFile section */
		5C0F867D1F78961A00B19844 /* CalculatorBrain.swift in Sources */ = {isa = PBXBuildFile; fileRef = 5C0F867C1F78961A00B19844 /* CalculatorBrain.swift */; };
		5CCCA2A01F64AFC900FD68A5 /* AppDelegate.swift in Sources */ = {isa = PBXBuildFile; fileRef = 5CCCA29F1F64AFC900FD68A5 /* AppDelegate.swift */; };
		5CCCA2A21F64AFC900FD68A5 /* ViewController.swift in Sources */ = {isa = PBXBuildFile; fileRef = 5CCCA2A11F64AFC900FD68A5 /* ViewController.swift */; };
		5CCCA2A51F64AFC900FD68A5 /* Main.storyboard in Resources */ = {isa = PBXBuildFile; fileRef = 5CCCA2A31F64AFC900FD68A5 /* Main.storyboard */; };
		5CCCA2A71F64AFC900FD68A5 /* Assets.xcassets in Resources */ = {isa = PBXBuildFile; fileRef = 5CCCA2A61F64AFC900FD68A5 /* Assets.xcassets */; };
		5CCCA2AA1F64AFC900FD68A5 /* LaunchScreen.storyboard in Resources */ = {isa = PBXBuildFile; fileRef = 5CCCA2A81F64AFC900FD68A5 /* LaunchScreen.storyboard */; };
		5CCCA2B51F64AFC900FD68A5 /* Nicolasito1Tests.swift in Sources */ = {isa = PBXBuildFile; fileRef = 5CCCA2B41F64AFC900FD68A5 /* Nicolasito1Tests.swift */; };
		5CCCA2C01F64AFCA00FD68A5 /* Nicolasito1UITests.swift in Sources */ = {isa = PBXBuildFile; fileRef = 5CCCA2BF1F64AFCA00FD68A5 /* Nicolasito1UITests.swift */; };
/* End PBXBuildFile section */

/* Begin PBXContainerItemProxy section */
		5CCCA2B11F64AFC900FD68A5 /* PBXContainerItemProxy */ = {
			isa = PBXContainerItemProxy;
			containerPortal = 5CCCA2941F64AFC900FD68A5 /* Project object */;
			proxyType = 1;
			remoteGlobalIDString = 5CCCA29B1F64AFC900FD68A5;
			remoteInfo = Nicolasito1;
		};
		5CCCA2BC1F64AFCA00FD68A5 /* PBXContainerItemProxy */ = {
			isa = PBXContainerItemProxy;
			containerPortal = 5CCCA2941F64AFC900FD68A5 /* Project object */;
			proxyType = 1;
			remoteGlobalIDString = 5CCCA29B1F64AFC900FD68A5;
			remoteInfo = Nicolasito1;
		};
/* End PBXContainerItemProxy section */

/* Begin PBXFileReference section */
		5C0F867C1F78961A00B19844 /* CalculatorBrain.swift */ = {isa = PBXFileReference; fileEncoding = 4; lastKnownFileType = sourcecode.swift; path = CalculatorBrain.swift; sourceTree = "<group>"; };
		5CCCA29C1F64AFC900FD68A5 /* Nicolasito1.app */ = {isa = PBXFileReference; explicitFileType = wrapper.application; includeInIndex = 0; path = Nicolasito1.app; sourceTree = BUILT_PRODUCTS_DIR; };
		5CCCA29F1F64AFC900FD68A5 /* AppDelegate.swift */ = {isa = PBXFileReference; lastKnownFileType = sourcecode.swift; path = AppDelegate.swift; sourceTree = "<group>"; };
		5CCCA2A11F64AFC900FD68A5 /* ViewController.swift */ = {isa = PBXFileReference; indentWidth = 5; lastKnownFileType = sourcecode.swift; path = ViewController.swift; sourceTree = "<group>"; };
		5CCCA2A41F64AFC900FD68A5 /* Base */ = {isa = PBXFileReference; lastKnownFileType = file.storyboard; name = Base; path = Base.lproj/Main.storyboard; sourceTree = "<group>"; };
		5CCCA2A61F64AFC900FD68A5 /* Assets.xcassets */ = {isa = PBXFileReference; lastKnownFileType = folder.assetcatalog; path = Assets.xcassets; sourceTree = "<group>"; };
		5CCCA2A91F64AFC900FD68A5 /* Base */ = {isa = PBXFileReference; lastKnownFileType = file.storyboard; name = Base; path = Base.lproj/LaunchScreen.storyboard; sourceTree = "<group>"; };
		5CCCA2AB1F64AFC900FD68A5 /* Info.plist */ = {isa = PBXFileReference; lastKnownFileType = text.plist.xml; path = Info.plist; sourceTree = "<group>"; };
		5CCCA2B01F64AFC900FD68A5 /* Nicolasito1Tests.xctest */ = {isa = PBXFileReference; explicitFileType = wrapper.cfbundle; includeInIndex = 0; path = Nicolasito1Tests.xctest; sourceTree = BUILT_PRODUCTS_DIR; };
		5CCCA2B41F64AFC900FD68A5 /* Nicolasito1Tests.swift */ = {isa = PBXFileReference; lastKnownFileType = sourcecode.swift; path = Nicolasito1Tests.swift; sourceTree = "<group>"; };
		5CCCA2B61F64AFCA00FD68A5 /* Info.plist */ = {isa = PBXFileReference; lastKnownFileType = text.plist.xml; path = Info.plist; sourceTree = "<group>"; };
		5CCCA2BB1F64AFCA00FD68A5 /* Nicolasito1UITests.xctest */ = {isa = PBXFileReference; explicitFileType = wrapper.cfbundle; includeInIndex = 0; path = Nicolasito1UITests.xctest; sourceTree = BUILT_PRODUCTS_DIR; };
		5CCCA2BF1F64AFCA00FD68A5 /* Nicolasito1UITests.swift */ = {isa = PBXFileReference; lastKnownFileType = sourcecode.swift; path = Nicolasito1UITests.swift; sourceTree = "<group>"; };
		5CCCA2C11F64AFCA00FD68A5 /* Info.plist */ = {isa = PBXFileReference; lastKnownFileType = text.plist.xml; path = Info.plist; sourceTree = "<group>"; };
/* End PBXFileReference section */

/* Begin PBXFrameworksBuildPhase section */
		5CCCA2991F64AFC900FD68A5 /* Frameworks */ = {
			isa = PBXFrameworksBuildPhase;
			buildActionMask = 2147483647;
			files = (
			);
			runOnlyForDeploymentPostprocessing = 0;
		};
		5CCCA2AD1F64AFC900FD68A5 /* Frameworks */ = {
			isa = PBXFrameworksBuildPhase;
			buildActionMask = 2147483647;
			files = (
			);
			runOnlyForDeploymentPostprocessing = 0;
		};
		5CCCA2B81F64AFCA00FD68A5 /* Frameworks */ = {
			isa = PBXFrameworksBuildPhase;
			buildActionMask = 2147483647;
			files = (
			);
			runOnlyForDeploymentPostprocessing = 0;
		};
/* End PBXFrameworksBuildPhase section */

/* Begin PBXGroup section */
		5CCCA2931F64AFC900FD68A5 = {
			isa = PBXGroup;
			children = (
				5CCCA29E1F64AFC900FD68A5 /* Nicolasito1 */,
				5CCCA2B31F64AFC900FD68A5 /* Nicolasito1Tests */,
				5CCCA2BE1F64AFCA00FD68A5 /* Nicolasito1UITests */,
				5CCCA29D1F64AFC900FD68A5 /* Products */,
			);
			sourceTree = "<group>";
		};
		5CCCA29D1F64AFC900FD68A5 /* Products */ = {
			isa = PBXGroup;
			children = (
				5CCCA29C1F64AFC900FD68A5 /* Nicolasito1.app */,
				5CCCA2B01F64AFC900FD68A5 /* Nicolasito1Tests.xctest */,
				5CCCA2BB1F64AFCA00FD68A5 /* Nicolasito1UITests.xctest */,
			);
			name = Products;
			sourceTree = "<group>";
		};
		5CCCA29E1F64AFC900FD68A5 /* Nicolasito1 */ = {
			isa = PBXGroup;
			children = (
				5CCCA2CD1F64BA4600FD68A5 /* Useless BS */,
				5CCCA2A11F64AFC900FD68A5 /* ViewController.swift */,
				5C0F867C1F78961A00B19844 /* CalculatorBrain.swift */,
				5CCCA2A31F64AFC900FD68A5 /* Main.storyboard */,
			);
			path = Nicolasito1;
			sourceTree = "<group>";
		};
		5CCCA2B31F64AFC900FD68A5 /* Nicolasito1Tests */ = {
			isa = PBXGroup;
			children = (
				5CCCA2B41F64AFC900FD68A5 /* Nicolasito1Tests.swift */,
				5CCCA2B61F64AFCA00FD68A5 /* Info.plist */,
			);
			path = Nicolasito1Tests;
			sourceTree = "<group>";
		};
		5CCCA2BE1F64AFCA00FD68A5 /* Nicolasito1UITests */ = {
			isa = PBXGroup;
			children = (
				5CCCA2BF1F64AFCA00FD68A5 /* Nicolasito1UITests.swift */,
				5CCCA2C11F64AFCA00FD68A5 /* Info.plist */,
			);
			path = Nicolasito1UITests;
			sourceTree = "<group>";
		};
		5CCCA2CD1F64BA4600FD68A5 /* Useless BS */ = {
			isa = PBXGroup;
			children = (
				5CCCA29F1F64AFC900FD68A5 /* AppDelegate.swift */,
				5CCCA2A61F64AFC900FD68A5 /* Assets.xcassets */,
				5CCCA2A81F64AFC900FD68A5 /* LaunchScreen.storyboard */,
				5CCCA2AB1F64AFC900FD68A5 /* Info.plist */,
			);
			name = "Useless BS";
			sourceTree = "<group>";
		};
/* End PBXGroup section */

/* Begin PBXNativeTarget section */
		5CCCA29B1F64AFC900FD68A5 /* Nicolasito1 */ = {
			isa = PBXNativeTarget;
			buildConfigurationList = 5CCCA2C41F64AFCA00FD68A5 /* Build configuration list for PBXNativeTarget "Nicolasito1" */;
			buildPhases = (
				5CCCA2981F64AFC900FD68A5 /* Sources */,
				5CCCA2991F64AFC900FD68A5 /* Frameworks */,
				5CCCA29A1F64AFC900FD68A5 /* Resources */,
			);
			buildRules = (
			);
			dependencies = (
			);
			name = Nicolasito1;
			productName = Nicolasito1;
			productReference = 5CCCA29C1F64AFC900FD68A5 /* Nicolasito1.app */;
			productType = "com.apple.product-type.application";
		};
		5CCCA2AF1F64AFC900FD68A5 /* Nicolasito1Tests */ = {
			isa = PBXNativeTarget;
			buildConfigurationList = 5CCCA2C71F64AFCA00FD68A5 /* Build configuration list for PBXNativeTarget "Nicolasito1Tests" */;
			buildPhases = (
				5CCCA2AC1F64AFC900FD68A5 /* Sources */,
				5CCCA2AD1F64AFC900FD68A5 /* Frameworks */,
				5CCCA2AE1F64AFC900FD68A5 /* Resources */,
			);
			buildRules = (
			);
			dependencies = (
				5CCCA2B21F64AFC900FD68A5 /* PBXTargetDependency */,
			);
			name = Nicolasito1Tests;
			productName = Nicolasito1Tests;
			productReference = 5CCCA2B01F64AFC900FD68A5 /* Nicolasito1Tests.xctest */;
			productType = "com.apple.product-type.bundle.unit-test";
		};
		5CCCA2BA1F64AFCA00FD68A5 /* Nicolasito1UITests */ = {
			isa = PBXNativeTarget;
			buildConfigurationList = 5CCCA2CA1F64AFCA00FD68A5 /* Build configuration list for PBXNativeTarget "Nicolasito1UITests" */;
			buildPhases = (
				5CCCA2B71F64AFCA00FD68A5 /* Sources */,
				5CCCA2B81F64AFCA00FD68A5 /* Frameworks */,
				5CCCA2B91F64AFCA00FD68A5 /* Resources */,
			);
			buildRules = (
			);
			dependencies = (
				5CCCA2BD1F64AFCA00FD68A5 /* PBXTargetDependency */,
			);
			name = Nicolasito1UITests;
			productName = Nicolasito1UITests;
			productReference = 5CCCA2BB1F64AFCA00FD68A5 /* Nicolasito1UITests.xctest */;
			productType = "com.apple.product-type.bundle.ui-testing";
		};
/* End PBXNativeTarget section */

/* Begin PBXProject section */
		5CCCA2941F64AFC900FD68A5 /* Project object */ = {
			isa = PBXProject;
			attributes = {
				LastSwiftUpdateCheck = 0830;
				LastUpgradeCheck = 0830;
				ORGANIZATIONNAME = Nicolasito;
				TargetAttributes = {
					5CCCA29B1F64AFC900FD68A5 = {
						CreatedOnToolsVersion = 8.3.3;
						ProvisioningStyle = Automatic;
					};
					5CCCA2AF1F64AFC900FD68A5 = {
						CreatedOnToolsVersion = 8.3.3;
						ProvisioningStyle = Automatic;
						TestTargetID = 5CCCA29B1F64AFC900FD68A5;
					};
					5CCCA2BA1F64AFCA00FD68A5 = {
						CreatedOnToolsVersion = 8.3.3;
						ProvisioningStyle = Automatic;
						TestTargetID = 5CCCA29B1F64AFC900FD68A5;
					};
				};
			};
			buildConfigurationList = 5CCCA2971F64AFC900FD68A5 /* Build configuration list for PBXProject "Nicolasito1" */;
			compatibilityVersion = "Xcode 3.2";
			developmentRegion = English;
			hasScannedForEncodings = 0;
			knownRegions = (
				en,
				Base,
			);
			mainGroup = 5CCCA2931F64AFC900FD68A5;
			productRefGroup = 5CCCA29D1F64AFC900FD68A5 /* Products */;
			projectDirPath = "";
			projectRoot = "";
			targets = (
				5CCCA29B1F64AFC900FD68A5 /* Nicolasito1 */,
				5CCCA2AF1F64AFC900FD68A5 /* Nicolasito1Tests */,
				5CCCA2BA1F64AFCA00FD68A5 /* Nicolasito1UITests */,
			);
		};
/* End PBXProject section */

/* Begin PBXResourcesBuildPhase section */
		5CCCA29A1F64AFC900FD68A5 /* Resources */ = {
			isa = PBXResourcesBuildPhase;
			buildActionMask = 2147483647;
			files = (
				5CCCA2AA1F64AFC900FD68A5 /* LaunchScreen.storyboard in Resources */,
				5CCCA2A71F64AFC900FD68A5 /* Assets.xcassets in Resources */,
				5CCCA2A51F64AFC900FD68A5 /* Main.storyboard in Resources */,
			);
			runOnlyForDeploymentPostprocessing = 0;
		};
		5CCCA2AE1F64AFC900FD68A5 /* Resources */ = {
			isa = PBXResourcesBuildPhase;
			buildActionMask = 2147483647;
			files = (
			);
			runOnlyForDeploymentPostprocessing = 0;
		};
		5CCCA2B91F64AFCA00FD68A5 /* Resources */ = {
			isa = PBXResourcesBuildPhase;
			buildActionMask = 2147483647;
			files = (
			);
			runOnlyForDeploymentPostprocessing = 0;
		};
/* End PBXResourcesBuildPhase section */

/* Begin PBXSourcesBuildPhase section */
		5CCCA2981F64AFC900FD68A5 /* Sources */ = {
			isa = PBXSourcesBuildPhase;
			buildActionMask = 2147483647;
			files = (
				5C0F867D1F78961A00B19844 /* CalculatorBrain.swift in Sources */,
				5CCCA2A21F64AFC900FD68A5 /* ViewController.swift in Sources */,
				5CCCA2A01F64AFC900FD68A5 /* AppDelegate.swift in Sources */,
			);
			runOnlyForDeploymentPostprocessing = 0;
		};
		5CCCA2AC1F64AFC900FD68A5 /* Sources */ = {
			isa = PBXSourcesBuildPhase;
			buildActionMask = 2147483647;
			files = (
				5CCCA2B51F64AFC900FD68A5 /* Nicolasito1Tests.swift in Sources */,
			);
			runOnlyForDeploymentPostprocessing = 0;
		};
		5CCCA2B71F64AFCA00FD68A5 /* Sources */ = {
			isa = PBXSourcesBuildPhase;
			buildActionMask = 2147483647;
			files = (
				5CCCA2C01F64AFCA00FD68A5 /* Nicolasito1UITests.swift in Sources */,
			);
			runOnlyForDeploymentPostprocessing = 0;
		};
/* End PBXSourcesBuildPhase section */

/* Begin PBXTargetDependency section */
		5CCCA2B21F64AFC900FD68A5 /* PBXTargetDependency */ = {
			isa = PBXTargetDependency;
			target = 5CCCA29B1F64AFC900FD68A5 /* Nicolasito1 */;
			targetProxy = 5CCCA2B11F64AFC900FD68A5 /* PBXContainerItemProxy */;
		};
		5CCCA2BD1F64AFCA00FD68A5 /* PBXTargetDependency */ = {
			isa = PBXTargetDependency;
			target = 5CCCA29B1F64AFC900FD68A5 /* Nicolasito1 */;
			targetProxy = 5CCCA2BC1F64AFCA00FD68A5 /* PBXContainerItemProxy */;
		};
/* End PBXTargetDependency section */

/* Begin PBXVariantGroup section */
		5CCCA2A31F64AFC900FD68A5 /* Main.storyboard */ = {
			isa = PBXVariantGroup;
			children = (
				5CCCA2A41F64AFC900FD68A5 /* Base */,
			);
			name = Main.storyboard;
			sourceTree = "<group>";
		};
		5CCCA2A81F64AFC900FD68A5 /* LaunchScreen.storyboard */ = {
			isa = PBXVariantGroup;
			children = (
				5CCCA2A91F64AFC900FD68A5 /* Base */,
			);
			name = LaunchScreen.storyboard;
			sourceTree = "<group>";
		};
/* End PBXVariantGroup section */

/* Begin XCBuildConfiguration section */
		5CCCA2C21F64AFCA00FD68A5 /* Debug */ = {
			isa = XCBuildConfiguration;
			buildSettings = {
				ALWAYS_SEARCH_USER_PATHS = NO;
				CLANG_ANALYZER_NONNULL = YES;
				CLANG_ANALYZER_NUMBER_OBJECT_CONVERSION = YES_AGGRESSIVE;
				CLANG_CXX_LANGUAGE_STANDARD = "gnu++0x";
				CLANG_CXX_LIBRARY = "libc++";
				CLANG_ENABLE_MODULES = YES;
				CLANG_ENABLE_OBJC_ARC = YES;
				CLANG_WARN_BOOL_CONVERSION = YES;
				CLANG_WARN_CONSTANT_CONVERSION = YES;
				CLANG_WARN_DIRECT_OBJC_ISA_USAGE = YES_ERROR;
				CLANG_WARN_DOCUMENTATION_COMMENTS = YES;
				CLANG_WARN_EMPTY_BODY = YES;
				CLANG_WARN_ENUM_CONVERSION = YES;
				CLANG_WARN_INFINITE_RECURSION = YES;
				CLANG_WARN_INT_CONVERSION = YES;
				CLANG_WARN_OBJC_ROOT_CLASS = YES_ERROR;
				CLANG_WARN_SUSPICIOUS_MOVE = YES;
				CLANG_WARN_UNREACHABLE_CODE = YES;
				CLANG_WARN__DUPLICATE_METHOD_MATCH = YES;
				"CODE_SIGN_IDENTITY[sdk=iphoneos*]" = "iPhone Developer";
				COPY_PHASE_STRIP = NO;
				DEBUG_INFORMATION_FORMAT = dwarf;
				ENABLE_STRICT_OBJC_MSGSEND = YES;
				ENABLE_TESTABILITY = YES;
				GCC_C_LANGUAGE_STANDARD = gnu99;
				GCC_DYNAMIC_NO_PIC = NO;
				GCC_NO_COMMON_BLOCKS = YES;
				GCC_OPTIMIZATION_LEVEL = 0;
				GCC_PREPROCESSOR_DEFINITIONS = (
					"DEBUG=1",
					"$(inherited)",
				);
				GCC_WARN_64_TO_32_BIT_CONVERSION = YES;
				GCC_WARN_ABOUT_RETURN_TYPE = YES_ERROR;
				GCC_WARN_UNDECLARED_SELECTOR = YES;
				GCC_WARN_UNINITIALIZED_AUTOS = YES_AGGRESSIVE;
				GCC_WARN_UNUSED_FUNCTION = YES;
				GCC_WARN_UNUSED_VARIABLE = YES;
				IPHONEOS_DEPLOYMENT_TARGET = 10.3;
				MTL_ENABLE_DEBUG_INFO = YES;
				ONLY_ACTIVE_ARCH = YES;
				SDKROOT = iphoneos;
				SWIFT_ACTIVE_COMPILATION_CONDITIONS = DEBUG;
				SWIFT_OPTIMIZATION_LEVEL = "-Onone";
				TARGETED_DEVICE_FAMILY = "1,2";
			};
			name = Debug;
		};
		5CCCA2C31F64AFCA00FD68A5 /* Release */ = {
			isa = XCBuildConfiguration;
			buildSettings = {
				ALWAYS_SEARCH_USER_PATHS = NO;
				CLANG_ANALYZER_NONNULL = YES;
				CLANG_ANALYZER_NUMBER_OBJECT_CONVERSION = YES_AGGRESSIVE;
				CLANG_CXX_LANGUAGE_STANDARD = "gnu++0x";
				CLANG_CXX_LIBRARY = "libc++";
				CLANG_ENABLE_MODULES = YES;
				CLANG_ENABLE_OBJC_ARC = YES;
				CLANG_WARN_BOOL_CONVERSION = YES;
				CLANG_WARN_CONSTANT_CONVERSION = YES;
				CLANG_WARN_DIRECT_OBJC_ISA_USAGE = YES_ERROR;
				CLANG_WARN_DOCUMENTATION_COMMENTS = YES;
				CLANG_WARN_EMPTY_BODY = YES;
				CLANG_WARN_ENUM_CONVERSION = YES;
				CLANG_WARN_INFINITE_RECURSION = YES;
				CLANG_WARN_INT_CONVERSION = YES;
				CLANG_WARN_OBJC_ROOT_CLASS = YES_ERROR;
				CLANG_WARN_SUSPICIOUS_MOVE = YES;
				CLANG_WARN_UNREACHABLE_CODE = YES;
				CLANG_WARN__DUPLICATE_METHOD_MATCH = YES;
				"CODE_SIGN_IDENTITY[sdk=iphoneos*]" = "iPhone Developer";
				COPY_PHASE_STRIP = NO;
				DEBUG_INFORMATION_FORMAT = "dwarf-with-dsym";
				ENABLE_NS_ASSERTIONS = NO;
				ENABLE_STRICT_OBJC_MSGSEND = YES;
				GCC_C_LANGUAGE_STANDARD = gnu99;
				GCC_NO_COMMON_BLOCKS = YES;
				GCC_WARN_64_TO_32_BIT_CONVERSION = YES;
				GCC_WARN_ABOUT_RETURN_TYPE = YES_ERROR;
				GCC_WARN_UNDECLARED_SELECTOR = YES;
				GCC_WARN_UNINITIALIZED_AUTOS = YES_AGGRESSIVE;
				GCC_WARN_UNUSED_FUNCTION = YES;
				GCC_WARN_UNUSED_VARIABLE = YES;
				IPHONEOS_DEPLOYMENT_TARGET = 10.3;
				MTL_ENABLE_DEBUG_INFO = NO;
				SDKROOT = iphoneos;
				SWIFT_OPTIMIZATION_LEVEL = "-Owholemodule";
				TARGETED_DEVICE_FAMILY = "1,2";
				VALIDATE_PRODUCT = YES;
			};
			name = Release;
		};
		5CCCA2C51F64AFCA00FD68A5 /* Debug */ = {
			isa = XCBuildConfiguration;
			buildSettings = {
				ASSETCATALOG_COMPILER_APPICON_NAME = AppIcon;
				INFOPLIST_FILE = Nicolasito1/Info.plist;
				LD_RUNPATH_SEARCH_PATHS = "$(inherited) @executable_path/Frameworks";
				PRODUCT_BUNDLE_IDENTIFIER = ca.nicolasito.Nicolasito1;
				PRODUCT_NAME = "$(TARGET_NAME)";
				SWIFT_VERSION = 3.0;
			};
			name = Debug;
		};
		5CCCA2C61F64AFCA00FD68A5 /* Release */ = {
			isa = XCBuildConfiguration;
			buildSettings = {
				ASSETCATALOG_COMPILER_APPICON_NAME = AppIcon;
				INFOPLIST_FILE = Nicolasito1/Info.plist;
				LD_RUNPATH_SEARCH_PATHS = "$(inherited) @executable_path/Frameworks";
				PRODUCT_BUNDLE_IDENTIFIER = ca.nicolasito.Nicolasito1;
				PRODUCT_NAME = "$(TARGET_NAME)";
				SWIFT_VERSION = 3.0;
			};
			name = Release;
		};
		5CCCA2C81F64AFCA00FD68A5 /* Debug */ = {
			isa = XCBuildConfiguration;
			buildSettings = {
				ALWAYS_EMBED_SWIFT_STANDARD_LIBRARIES = YES;
				BUNDLE_LOADER = "$(TEST_HOST)";
				INFOPLIST_FILE = Nicolasito1Tests/Info.plist;
				LD_RUNPATH_SEARCH_PATHS = "$(inherited) @executable_path/Frameworks @loader_path/Frameworks";
				PRODUCT_BUNDLE_IDENTIFIER = ca.nicolasito.Nicolasito1Tests;
				PRODUCT_NAME = "$(TARGET_NAME)";
				SWIFT_VERSION = 3.0;
				TEST_HOST = "$(BUILT_PRODUCTS_DIR)/Nicolasito1.app/Nicolasito1";
			};
			name = Debug;
		};
		5CCCA2C91F64AFCA00FD68A5 /* Release */ = {
			isa = XCBuildConfiguration;
			buildSettings = {
				ALWAYS_EMBED_SWIFT_STANDARD_LIBRARIES = YES;
				BUNDLE_LOADER = "$(TEST_HOST)";
				INFOPLIST_FILE = Nicolasito1Tests/Info.plist;
				LD_RUNPATH_SEARCH_PATHS = "$(inherited) @executable_path/Frameworks @loader_path/Frameworks";
				PRODUCT_BUNDLE_IDENTIFIER = ca.nicolasito.Nicolasito1Tests;
				PRODUCT_NAME = "$(TARGET_NAME)";
				SWIFT_VERSION = 3.0;
				TEST_HOST = "$(BUILT_PRODUCTS_DIR)/Nicolasito1.app/Nicolasito1";
			};
			name = Release;
		};
		5CCCA2CB1F64AFCA00FD68A5 /* Debug */ = {
			isa = XCBuildConfiguration;
			buildSettings = {
				ALWAYS_EMBED_SWIFT_STANDARD_LIBRARIES = YES;
				INFOPLIST_FILE = Nicolasito1UITests/Info.plist;
				LD_RUNPATH_SEARCH_PATHS = "$(inherited) @executable_path/Frameworks @loader_path/Frameworks";
				PRODUCT_BUNDLE_IDENTIFIER = ca.nicolasito.Nicolasito1UITests;
				PRODUCT_NAME = "$(TARGET_NAME)";
				SWIFT_VERSION = 3.0;
				TEST_TARGET_NAME = Nicolasito1;
			};
			name = Debug;
		};
		5CCCA2CC1F64AFCA00FD68A5 /* Release */ = {
			isa = XCBuildConfiguration;
			buildSettings = {
				ALWAYS_EMBED_SWIFT_STANDARD_LIBRARIES = YES;
				INFOPLIST_FILE = Nicolasito1UITests/Info.plist;
				LD_RUNPATH_SEARCH_PATHS = "$(inherited) @executable_path/Frameworks @loader_path/Frameworks";
				PRODUCT_BUNDLE_IDENTIFIER = ca.nicolasito.Nicolasito1UITests;
				PRODUCT_NAME = "$(TARGET_NAME)";
				SWIFT_VERSION = 3.0;
				TEST_TARGET_NAME = Nicolasito1;
			};
			name = Release;
		};
/* End XCBuildConfiguration section */

/* Begin XCConfigurationList section */
		5CCCA2971F64AFC900FD68A5 /* Build configuration list for PBXProject "Nicolasito1" */ = {
			isa = XCConfigurationList;
			buildConfigurations = (
				5CCCA2C21F64AFCA00FD68A5 /* Debug */,
				5CCCA2C31F64AFCA00FD68A5 /* Release */,
			);
			defaultConfigurationIsVisible = 0;
			defaultConfigurationName = Release;
		};
		5CCCA2C41F64AFCA00FD68A5 /* Build configuration list for PBXNativeTarget "Nicolasito1" */ = {
			isa = XCConfigurationList;
			buildConfigurations = (
				5CCCA2C51F64AFCA00FD68A5 /* Debug */,
				5CCCA2C61F64AFCA00FD68A5 /* Release */,
			);
			defaultConfigurationIsVisible = 0;
			defaultConfigurationName = Release;
		};
		5CCCA2C71F64AFCA00FD68A5 /* Build configuration list for PBXNativeTarget "Nicolasito1Tests" */ = {
			isa = XCConfigurationList;
			buildConfigurations = (
				5CCCA2C81F64AFCA00FD68A5 /* Debug */,
				5CCCA2C91F64AFCA00FD68A5 /* Release */,
			);
			defaultConfigurationIsVisible = 0;
			defaultConfigurationName = Release;
		};
		5CCCA2CA1F64AFCA00FD68A5 /* Build configuration list for PBXNativeTarget "Nicolasito1UITests" */ = {
			isa = XCConfigurationList;
			buildConfigurations = (
				5CCCA2CB1F64AFCA00FD68A5 /* Debug */,
				5CCCA2CC1F64AFCA00FD68A5 /* Release */,
			);
			defaultConfigurationIsVisible = 0;
			defaultConfigurationName = Release;
		};
/* End XCConfigurationList section */
	};
	rootObject = 5CCCA2941F64AFC900FD68A5 /* Project object */;
}
